
Microsoft Visual Studio Solution File, Format Version 12.00
# Visual Studio Version 16
VisualStudioVersion = 16.0.30011.22
MinimumVisualStudioVersion = 10.0.40219.1
Project("{FAE04EC0-301F-11D3-BF4B-00C04F79EFBC}") = "Zadanie10.1", "Zadanie10.1\Zadanie10.1.csproj", "{61E11F76-0089-479B-A9C8-E4056E1A5C60}"
EndProject
Global
	GlobalSection(SolutionConfigurationPlatforms) = preSolution
		Debug|Any CPU = Debug|Any CPU
		Release|Any CPU = Release|Any CPU
	EndGlobalSection
	GlobalSection(ProjectConfigurationPlatforms) = postSolution
		{61E11F76-0089-479B-A9C8-E4056E1A5C60}.Debug|Any CPU.ActiveCfg = Debug|Any CPU
		{61E11F76-0089-479B-A9C8-E4056E1A5C60}.Debug|Any CPU.Build.0 = Debug|Any CPU
		{61E11F76-0089-479B-A9C8-E4056E1A5C60}.Release|Any CPU.ActiveCfg = Release|Any CPU
		{61E11F76-0089-479B-A9C8-E4056E1A5C60}.Release|Any CPU.Build.0 = Release|Any CPU
	EndGlobalSection
	GlobalSection(SolutionProperties) = preSolution
		HideSolutionNode = FALSE
	EndGlobalSection
	GlobalSection(ExtensibilityGlobals) = postSolution
		SolutionGuid = {147DC3BC-17D4-4BFB-A0FA-65320EF86E33}
	EndGlobalSection
EndGlobal
